PODS:
  - IfinitySDK (0.1.7.2)
  - SVProgressHUD (1.1.3)

DEPENDENCIES:
  - IfinitySDK (from `../ifinitysdk-ios/`)
  - SVProgressHUD

EXTERNAL SOURCES:
  IfinitySDK:
    :path: "../ifinitysdk-ios/"

SPEC CHECKSUMS:
  IfinitySDK: 5c46058c2c75b6b1a747fc2b8fb8aa14fe567c1b
  SVProgressHUD: 748080e4f36e603f6c02aec292664239df5279c1

COCOAPODS: 0.39.0
